
Microsoft Visual Studio Solution File, Format Version 12.00
# Visual Studio Version 17
VisualStudioVersion = 17.0.31903.59
MinimumVisualStudioVersion = 10.0.40219.1
Project("{FAE04EC0-301F-11D3-BF4B-00C04F79EFBC}") = "MySolutions.api", "MySolutions.api\MySolutions.api.csproj", "{5FD916BF-B8D5-409D-924D-E937463E4EAD}"
EndProject
Project("{FAE04EC0-301F-11D3-BF4B-00C04F79EFBC}") = "MySolutions.Contracts", "MySolutions.Contracts\MySolutions.Contracts.csproj", "{E0EBF09B-3448-4C5D-B616-F17FE7EECCAC}"
EndProject
Project("{FAE04EC0-301F-11D3-BF4B-00C04F79EFBC}") = "MySolutions.LoggerService", "MySolutions.LoggerService\MySolutions.LoggerService.csproj", "{20A33C4B-9654-4208-BE81-40B3BDC6EF31}"
EndProject
Project("{FAE04EC0-301F-11D3-BF4B-00C04F79EFBC}") = "MySolutions.Domain", "MySolutions.Domain\MySolutions.Domain.csproj", "{EF9F9591-C8E8-4DF2-99B7-A787CDADCE3B}"
EndProject
Project("{FAE04EC0-301F-11D3-BF4B-00C04F79EFBC}") = "MySolutions.Repository", "MySolutions.Repository\MySolutions.Repository.csproj", "{47CE2611-F6F3-4537-8BE3-44038B23AA3C}"
EndProject
Project("{FAE04EC0-301F-11D3-BF4B-00C04F79EFBC}") = "MySolutions.Service", "MySolutions.Service\MySolutions.Service.csproj", "{4EFCAC63-A910-483D-B0ED-830AE69719C3}"
EndProject
Project("{FAE04EC0-301F-11D3-BF4B-00C04F79EFBC}") = "MySolutions.Service.Contracts", "MySolutions.Service.Contracts\MySolutions.Service.Contracts.csproj", "{96A248EA-F999-47BD-BADB-05356147DE6E}"
EndProject
Global
	GlobalSection(SolutionConfigurationPlatforms) = preSolution
		Debug|Any CPU = Debug|Any CPU
		Release|Any CPU = Release|Any CPU
	EndGlobalSection
	GlobalSection(SolutionProperties) = preSolution
		HideSolutionNode = FALSE
	EndGlobalSection
	GlobalSection(ProjectConfigurationPlatforms) = postSolution
		{5FD916BF-B8D5-409D-924D-E937463E4EAD}.Debug|Any CPU.ActiveCfg = Debug|Any CPU
		{5FD916BF-B8D5-409D-924D-E937463E4EAD}.Debug|Any CPU.Build.0 = Debug|Any CPU
		{5FD916BF-B8D5-409D-924D-E937463E4EAD}.Release|Any CPU.ActiveCfg = Release|Any CPU
		{5FD916BF-B8D5-409D-924D-E937463E4EAD}.Release|Any CPU.Build.0 = Release|Any CPU
		{E0EBF09B-3448-4C5D-B616-F17FE7EECCAC}.Debug|Any CPU.ActiveCfg = Debug|Any CPU
		{E0EBF09B-3448-4C5D-B616-F17FE7EECCAC}.Debug|Any CPU.Build.0 = Debug|Any CPU
		{E0EBF09B-3448-4C5D-B616-F17FE7EECCAC}.Release|Any CPU.ActiveCfg = Release|Any CPU
		{E0EBF09B-3448-4C5D-B616-F17FE7EECCAC}.Release|Any CPU.Build.0 = Release|Any CPU
		{20A33C4B-9654-4208-BE81-40B3BDC6EF31}.Debug|Any CPU.ActiveCfg = Debug|Any CPU
		{20A33C4B-9654-4208-BE81-40B3BDC6EF31}.Debug|Any CPU.Build.0 = Debug|Any CPU
		{20A33C4B-9654-4208-BE81-40B3BDC6EF31}.Release|Any CPU.ActiveCfg = Release|Any CPU
		{20A33C4B-9654-4208-BE81-40B3BDC6EF31}.Release|Any CPU.Build.0 = Release|Any CPU
		{EF9F9591-C8E8-4DF2-99B7-A787CDADCE3B}.Debug|Any CPU.ActiveCfg = Debug|Any CPU
		{EF9F9591-C8E8-4DF2-99B7-A787CDADCE3B}.Debug|Any CPU.Build.0 = Debug|Any CPU
		{EF9F9591-C8E8-4DF2-99B7-A787CDADCE3B}.Release|Any CPU.ActiveCfg = Release|Any CPU
		{EF9F9591-C8E8-4DF2-99B7-A787CDADCE3B}.Release|Any CPU.Build.0 = Release|Any CPU
		{47CE2611-F6F3-4537-8BE3-44038B23AA3C}.Debug|Any CPU.ActiveCfg = Debug|Any CPU
		{47CE2611-F6F3-4537-8BE3-44038B23AA3C}.Debug|Any CPU.Build.0 = Debug|Any CPU
		{47CE2611-F6F3-4537-8BE3-44038B23AA3C}.Release|Any CPU.ActiveCfg = Release|Any CPU
		{47CE2611-F6F3-4537-8BE3-44038B23AA3C}.Release|Any CPU.Build.0 = Release|Any CPU
		{4EFCAC63-A910-483D-B0ED-830AE69719C3}.Debug|Any CPU.ActiveCfg = Debug|Any CPU
		{4EFCAC63-A910-483D-B0ED-830AE69719C3}.Debug|Any CPU.Build.0 = Debug|Any CPU
		{4EFCAC63-A910-483D-B0ED-830AE69719C3}.Release|Any CPU.ActiveCfg = Release|Any CPU
		{4EFCAC63-A910-483D-B0ED-830AE69719C3}.Release|Any CPU.Build.0 = Release|Any CPU
		{96A248EA-F999-47BD-BADB-05356147DE6E}.Debug|Any CPU.ActiveCfg = Debug|Any CPU
		{96A248EA-F999-47BD-BADB-05356147DE6E}.Debug|Any CPU.Build.0 = Debug|Any CPU
		{96A248EA-F999-47BD-BADB-05356147DE6E}.Release|Any CPU.ActiveCfg = Release|Any CPU
		{96A248EA-F999-47BD-BADB-05356147DE6E}.Release|Any CPU.Build.0 = Release|Any CPU
	EndGlobalSection
EndGlobal
